// !$*UTF8*$!
{
	archiveVersion = 1;
	classes = {
	};
	objectVersion = 46;
	objects = {

/* Begin PBXBuildFile section */
		BACB2AE51E81F77E00454FC1 /* AppDelegate.swift in Sources */ = {isa = PBXBuildFile; fileRef = BACB2AE41E81F77E00454FC1 /* AppDelegate.swift */; };
		BACB2AE71E81F77E00454FC1 /* ViewController.swift in Sources */ = {isa = PBXBuildFile; fileRef = BACB2AE61E81F77E00454FC1 /* ViewController.swift */; };
		BACB2AEA1E81F77E00454FC1 /* Main.storyboard in Resources */ = {isa = PBXBuildFile; fileRef = BACB2AE81E81F77E00454FC1 /* Main.storyboard */; };
		BACB2AEC1E81F77E00454FC1 /* Assets.xcassets in Resources */ = {isa = PBXBuildFile; fileRef = BACB2AEB1E81F77E00454FC1 /* Assets.xcassets */; };
		BACB2AEF1E81F77E00454FC1 /* LaunchScreen.storyboard in Resources */ = {isa = PBXBuildFile; fileRef = BACB2AED1E81F77E00454FC1 /* LaunchScreen.storyboard */; };
		BACB2AFA1E81F77E00454FC1 /* flashcardstartTests.swift in Sources */ = {isa = PBXBuildFile; fileRef = BACB2AF91E81F77E00454FC1 /* flashcardstartTests.swift */; };
		BACB2B051E81F77E00454FC1 /* flashcardstartUITests.swift in Sources */ = {isa = PBXBuildFile; fileRef = BACB2B041E81F77E00454FC1 /* flashcardstartUITests.swift */; };
/* End PBXBuildFile section */

/* Begin PBXContainerItemProxy section */
		BACB2AF61E81F77E00454FC1 /* PBXContainerItemProxy */ = {
			isa = PBXContainerItemProxy;
			containerPortal = BACB2AD91E81F77D00454FC1 /* Project object */;
			proxyType = 1;
			remoteGlobalIDString = BACB2AE01E81F77D00454FC1;
			remoteInfo = flashcardstart;
		};
		BACB2B011E81F77E00454FC1 /* PBXContainerItemProxy */ = {
			isa = PBXContainerItemProxy;
			containerPortal = BACB2AD91E81F77D00454FC1 /* Project object */;
			proxyType = 1;
			remoteGlobalIDString = BACB2AE01E81F77D00454FC1;
			remoteInfo = flashcardstart;
		};
/* End PBXContainerItemProxy section */

/* Begin PBXFileReference section */
		BACB2AE11E81F77E00454FC1 /* flashcardstart.app */ = {isa = PBXFileReference; explicitFileType = wrapper.application; includeInIndex = 0; path = flashcardstart.app; sourceTree = BUILT_PRODUCTS_DIR; };
		BACB2AE41E81F77E00454FC1 /* AppDelegate.swift */ = {isa = PBXFileReference; lastKnownFileType = sourcecode.swift; path = AppDelegate.swift; sourceTree = "<group>"; };
		BACB2AE61E81F77E00454FC1 /* ViewController.swift */ = {isa = PBXFileReference; lastKnownFileType = sourcecode.swift; path = ViewController.swift; sourceTree = "<group>"; };
		BACB2AE91E81F77E00454FC1 /* Base */ = {isa = PBXFileReference; lastKnownFileType = file.storyboard; name = Base; path = Base.lproj/Main.storyboard; sourceTree = "<group>"; };
		BACB2AEB1E81F77E00454FC1 /* Assets.xcassets */ = {isa = PBXFileReference; lastKnownFileType = folder.assetcatalog; path = Assets.xcassets; sourceTree = "<group>"; };
		BACB2AEE1E81F77E00454FC1 /* Base */ = {isa = PBXFileReference; lastKnownFileType = file.storyboard; name = Base; path = Base.lproj/LaunchScreen.storyboard; sourceTree = "<group>"; };
		BACB2AF01E81F77E00454FC1 /* Info.plist */ = {isa = PBXFileReference; lastKnownFileType = text.plist.xml; path = Info.plist; sourceTree = "<group>"; };
		BACB2AF51E81F77E00454FC1 /* flashcardstartTests.xctest */ = {isa = PBXFileReference; explicitFileType = wrapper.cfbundle; includeInIndex = 0; path = flashcardstartTests.xctest; sourceTree = BUILT_PRODUCTS_DIR; };
		BACB2AF91E81F77E00454FC1 /* flashcardstartTests.swift */ = {isa = PBXFileReference; lastKnownFileType = sourcecode.swift; path = flashcardstartTests.swift; sourceTree = "<group>"; };
		BACB2AFB1E81F77E00454FC1 /* Info.plist */ = {isa = PBXFileReference; lastKnownFileType = text.plist.xml; path = Info.plist; sourceTree = "<group>"; };
		BACB2B001E81F77E00454FC1 /* flashcardstartUITests.xctest */ = {isa = PBXFileReference; explicitFileType = wrapper.cfbundle; includeInIndex = 0; path = flashcardstartUITests.xctest; sourceTree = BUILT_PRODUCTS_DIR; };
		BACB2B041E81F77E00454FC1 /* flashcardstartUITests.swift */ = {isa = PBXFileReference; lastKnownFileType = sourcecode.swift; path = flashcardstartUITests.swift; sourceTree = "<group>"; };
		BACB2B061E81F77E00454FC1 /* Info.plist */ = {isa = PBXFileReference; lastKnownFileType = text.plist.xml; path = Info.plist; sourceTree = "<group>"; };
/* End PBXFileReference section */

/* Begin PBXFrameworksBuildPhase section */
		BACB2ADE1E81F77D00454FC1 /* Frameworks */ = {
			isa = PBXFrameworksBuildPhase;
			buildActionMask = 2147483647;
			files = (
			);
			runOnlyForDeploymentPostprocessing = 0;
		};
		BACB2AF21E81F77E00454FC1 /* Frameworks */ = {
			isa = PBXFrameworksBuildPhase;
			buildActionMask = 2147483647;
			files = (
			);
			runOnlyForDeploymentPostprocessing = 0;
		};
		BACB2AFD1E81F77E00454FC1 /* Frameworks */ = {
			isa = PBXFrameworksBuildPhase;
			buildActionMask = 2147483647;
			files = (
			);
			runOnlyForDeploymentPostprocessing = 0;
		};
/* End PBXFrameworksBuildPhase section */

/* Begin PBXGroup section */
		BACB2AD81E81F77D00454FC1 = {
			isa = PBXGroup;
			children = (
				BACB2AE31E81F77E00454FC1 /* flashcardstart */,
				BACB2AF81E81F77E00454FC1 /* flashcardstartTests */,
				BACB2B031E81F77E00454FC1 /* flashcardstartUITests */,
				BACB2AE21E81F77E00454FC1 /* Products */,
			);
			sourceTree = "<group>";
		};
		BACB2AE21E81F77E00454FC1 /* Products */ = {
			isa = PBXGroup;
			children = (
				BACB2AE11E81F77E00454FC1 /* flashcardstart.app */,
				BACB2AF51E81F77E00454FC1 /* flashcardstartTests.xctest */,
				BACB2B001E81F77E00454FC1 /* flashcardstartUITests.xctest */,
			);
			name = Products;
			sourceTree = "<group>";
		};
		BACB2AE31E81F77E00454FC1 /* flashcardstart */ = {
			isa = PBXGroup;
			children = (
				BACB2AE41E81F77E00454FC1 /* AppDelegate.swift */,
				BACB2AE61E81F77E00454FC1 /* ViewController.swift */,
				BACB2AE81E81F77E00454FC1 /* Main.storyboard */,
				BACB2AEB1E81F77E00454FC1 /* Assets.xcassets */,
				BACB2AED1E81F77E00454FC1 /* LaunchScreen.storyboard */,
				BACB2AF01E81F77E00454FC1 /* Info.plist */,
			);
			path = flashcardstart;
			sourceTree = "<group>";
		};
		BACB2AF81E81F77E00454FC1 /* flashcardstartTests */ = {
			isa = PBXGroup;
			children = (
				BACB2AF91E81F77E00454FC1 /* flashcardstartTests.swift */,
				BACB2AFB1E81F77E00454FC1 /* Info.plist */,
			);
			path = flashcardstartTests;
			sourceTree = "<group>";
		};
		BACB2B031E81F77E00454FC1 /* flashcardstartUITests */ = {
			isa = PBXGroup;
			children = (
				BACB2B041E81F77E00454FC1 /* flashcardstartUITests.swift */,
				BACB2B061E81F77E00454FC1 /* Info.plist */,
			);
			path = flashcardstartUITests;
			sourceTree = "<group>";
		};
/* End PBXGroup section */

/* Begin PBXNativeTarget section */
		BACB2AE01E81F77D00454FC1 /* flashcardstart */ = {
			isa = PBXNativeTarget;
			buildConfigurationList = BACB2B091E81F77E00454FC1 /* Build configuration list for PBXNativeTarget "flashcardstart" */;
			buildPhases = (
				BACB2ADD1E81F77D00454FC1 /* Sources */,
				BACB2ADE1E81F77D00454FC1 /* Frameworks */,
				BACB2ADF1E81F77D00454FC1 /* Resources */,
			);
			buildRules = (
			);
			dependencies = (
			);
			name = flashcardstart;
			productName = flashcardstart;
			productReference = BACB2AE11E81F77E00454FC1 /* flashcardstart.app */;
			productType = "com.apple.product-type.application";
		};
		BACB2AF41E81F77E00454FC1 /* flashcardstartTests */ = {
			isa = PBXNativeTarget;
			buildConfigurationList = BACB2B0C1E81F77E00454FC1 /* Build configuration list for PBXNativeTarget "flashcardstartTests" */;
			buildPhases = (
				BACB2AF11E81F77E00454FC1 /* Sources */,
				BACB2AF21E81F77E00454FC1 /* Frameworks */,
				BACB2AF31E81F77E00454FC1 /* Resources */,
			);
			buildRules = (
			);
			dependencies = (
				BACB2AF71E81F77E00454FC1 /* PBXTargetDependency */,
			);
			name = flashcardstartTests;
			productName = flashcardstartTests;
			productReference = BACB2AF51E81F77E00454FC1 /* flashcardstartTests.xctest */;
			productType = "com.apple.product-type.bundle.unit-test";
		};
		BACB2AFF1E81F77E00454FC1 /* flashcardstartUITests */ = {
			isa = PBXNativeTarget;
			buildConfigurationList = BACB2B0F1E81F77E00454FC1 /* Build configuration list for PBXNativeTarget "flashcardstartUITests" */;
			buildPhases = (
				BACB2AFC1E81F77E00454FC1 /* Sources */,
				BACB2AFD1E81F77E00454FC1 /* Frameworks */,
				BACB2AFE1E81F77E00454FC1 /* Resources */,
			);
			buildRules = (
			);
			dependencies = (
				BACB2B021E81F77E00454FC1 /* PBXTargetDependency */,
			);
			name = flashcardstartUITests;
			productName = flashcardstartUITests;
			productReference = BACB2B001E81F77E00454FC1 /* flashcardstartUITests.xctest */;
			productType = "com.apple.product-type.bundle.ui-testing";
		};
/* End PBXNativeTarget section */

/* Begin PBXProject section */
		BACB2AD91E81F77D00454FC1 /* Project object */ = {
			isa = PBXProject;
			attributes = {
				LastSwiftUpdateCheck = 0720;
				LastUpgradeCheck = 0720;
				ORGANIZATIONNAME = "Spencer Lackey";
				TargetAttributes = {
					BACB2AE01E81F77D00454FC1 = {
						CreatedOnToolsVersion = 7.2.1;
					};
					BACB2AF41E81F77E00454FC1 = {
						CreatedOnToolsVersion = 7.2.1;
						TestTargetID = BACB2AE01E81F77D00454FC1;
					};
					BACB2AFF1E81F77E00454FC1 = {
						CreatedOnToolsVersion = 7.2.1;
						TestTargetID = BACB2AE01E81F77D00454FC1;
					};
				};
			};
			buildConfigurationList = BACB2ADC1E81F77D00454FC1 /* Build configuration list for PBXProject "flashcardstart" */;
			compatibilityVersion = "Xcode 3.2";
			developmentRegion = English;
			hasScannedForEncodings = 0;
			knownRegions = (
				en,
				Base,
			);
			mainGroup = BACB2AD81E81F77D00454FC1;
			productRefGroup = BACB2AE21E81F77E00454FC1 /* Products */;
			projectDirPath = "";
			projectRoot = "";
			targets = (
				BACB2AE01E81F77D00454FC1 /* flashcardstart */,
				BACB2AF41E81F77E00454FC1 /* flashcardstartTests */,
				BACB2AFF1E81F77E00454FC1 /* flashcardstartUITests */,
			);
		};
/* End PBXProject section */

/* Begin PBXResourcesBuildPhase section */
		BACB2ADF1E81F77D00454FC1 /* Resources */ = {
			isa = PBXResourcesBuildPhase;
			buildActionMask = 2147483647;
			files = (
				BACB2AEF1E81F77E00454FC1 /* LaunchScreen.storyboard in Resources */,
				BACB2AEC1E81F77E00454FC1 /* Assets.xcassets in Resources */,
				BACB2AEA1E81F77E00454FC1 /* Main.storyboard in Resources */,
			);
			runOnlyForDeploymentPostprocessing = 0;
		};
		BACB2AF31E81F77E00454FC1 /* Resources */ = {
			isa = PBXResourcesBuildPhase;
			buildActionMask = 2147483647;
			files = (
			);
			runOnlyForDeploymentPostprocessing = 0;
		};
		BACB2AFE1E81F77E00454FC1 /* Resources */ = {
			isa = PBXResourcesBuildPhase;
			buildActionMask = 2147483647;
			files = (
			);
			runOnlyForDeploymentPostprocessing = 0;
		};
/* End PBXResourcesBuildPhase section */

/* Begin PBXSourcesBuildPhase section */
		BACB2ADD1E81F77D00454FC1 /* Sources */ = {
			isa = PBXSourcesBuildPhase;
			buildActionMask = 2147483647;
			files = (
				BACB2AE71E81F77E00454FC1 /* ViewController.swift in Sources */,
				BACB2AE51E81F77E00454FC1 /* AppDelegate.swift in Sources */,
			);
			runOnlyForDeploymentPostprocessing = 0;
		};
		BACB2AF11E81F77E00454FC1 /* Sources */ = {
			isa = PBXSourcesBuildPhase;
			buildActionMask = 2147483647;
			files = (
				BACB2AFA1E81F77E00454FC1 /* flashcardstartTests.swift in Sources */,
			);
			runOnlyForDeploymentPostprocessing = 0;
		};
		BACB2AFC1E81F77E00454FC1 /* Sources */ = {
			isa = PBXSourcesBuildPhase;
			buildActionMask = 2147483647;
			files = (
				BACB2B051E81F77E00454FC1 /* flashcardstartUITests.swift in Sources */,
			);
			runOnlyForDeploymentPostprocessing = 0;
		};
/* End PBXSourcesBuildPhase section */

/* Begin PBXTargetDependency section */
		BACB2AF71E81F77E00454FC1 /* PBXTargetDependency */ = {
			isa = PBXTargetDependency;
			target = BACB2AE01E81F77D00454FC1 /* flashcardstart */;
			targetProxy = BACB2AF61E81F77E00454FC1 /* PBXContainerItemProxy */;
		};
		BACB2B021E81F77E00454FC1 /* PBXTargetDependency */ = {
			isa = PBXTargetDependency;
			target = BACB2AE01E81F77D00454FC1 /* flashcardstart */;
			targetProxy = BACB2B011E81F77E00454FC1 /* PBXContainerItemProxy */;
		};
/* End PBXTargetDependency section */

/* Begin PBXVariantGroup section */
		BACB2AE81E81F77E00454FC1 /* Main.storyboard */ = {
			isa = PBXVariantGroup;
			children = (
				BACB2AE91E81F77E00454FC1 /* Base */,
			);
			name = Main.storyboard;
			sourceTree = "<group>";
		};
		BACB2AED1E81F77E00454FC1 /* LaunchScreen.storyboard */ = {
			isa = PBXVariantGroup;
			children = (
				BACB2AEE1E81F77E00454FC1 /* Base */,
			);
			name = LaunchScreen.storyboard;
			sourceTree = "<group>";
		};
/* End PBXVariantGroup section */

/* Begin XCBuildConfiguration section */
		BACB2B071E81F77E00454FC1 /* Debug */ = {
			isa = XCBuildConfiguration;
			buildSettings = {
				ALWAYS_SEARCH_USER_PATHS = NO;
				CLANG_CXX_LANGUAGE_STANDARD = "gnu++0x";
				CLANG_CXX_LIBRARY = "libc++";
				CLANG_ENABLE_MODULES = YES;
				CLANG_ENABLE_OBJC_ARC = YES;
				CLANG_WARN_BOOL_CONVERSION = YES;
				CLANG_WARN_CONSTANT_CONVERSION = YES;
				CLANG_WARN_DIRECT_OBJC_ISA_USAGE = YES_ERROR;
				CLANG_WARN_EMPTY_BODY = YES;
				CLANG_WARN_ENUM_CONVERSION = YES;
				CLANG_WARN_INT_CONVERSION = YES;
				CLANG_WARN_OBJC_ROOT_CLASS = YES_ERROR;
				CLANG_WARN_UNREACHABLE_CODE = YES;
				CLANG_WARN__DUPLICATE_METHOD_MATCH = YES;
				"CODE_SIGN_IDENTITY[sdk=iphoneos*]" = "iPhone Developer";
				COPY_PHASE_STRIP = NO;
				DEBUG_INFORMATION_FORMAT = dwarf;
				ENABLE_STRICT_OBJC_MSGSEND = YES;
				ENABLE_TESTABILITY = YES;
				GCC_C_LANGUAGE_STANDARD = gnu99;
				GCC_DYNAMIC_NO_PIC = NO;
				GCC_NO_COMMON_BLOCKS = YES;
				GCC_OPTIMIZATION_LEVEL = 0;
				GCC_PREPROCESSOR_DEFINITIONS = (
					"DEBUG=1",
					"$(inherited)",
				);
				GCC_WARN_64_TO_32_BIT_CONVERSION = YES;
				GCC_WARN_ABOUT_RETURN_TYPE = YES_ERROR;
				GCC_WARN_UNDECLARED_SELECTOR = YES;
				GCC_WARN_UNINITIALIZED_AUTOS = YES_AGGRESSIVE;
				GCC_WARN_UNUSED_FUNCTION = YES;
				GCC_WARN_UNUSED_VARIABLE = YES;
				IPHONEOS_DEPLOYMENT_TARGET = 9.2;
				MTL_ENABLE_DEBUG_INFO = YES;
				ONLY_ACTIVE_ARCH = YES;
				SDKROOT = iphoneos;
				SWIFT_OPTIMIZATION_LEVEL = "-Onone";
				TARGETED_DEVICE_FAMILY = "1,2";
			};
			name = Debug;
		};
		BACB2B081E81F77E00454FC1 /* Release */ = {
			isa = XCBuildConfiguration;
			buildSettings = {
				ALWAYS_SEARCH_USER_PATHS = NO;
				CLANG_CXX_LANGUAGE_STANDARD = "gnu++0x";
				CLANG_CXX_LIBRARY = "libc++";
				CLANG_ENABLE_MODULES = YES;
				CLANG_ENABLE_OBJC_ARC = YES;
				CLANG_WARN_BOOL_CONVERSION = YES;
				CLANG_WARN_CONSTANT_CONVERSION = YES;
				CLANG_WARN_DIRECT_OBJC_ISA_USAGE = YES_ERROR;
				CLANG_WARN_EMPTY_BODY = YES;
				CLANG_WARN_ENUM_CONVERSION = YES;
				CLANG_WARN_INT_CONVERSION = YES;
				CLANG_WARN_OBJC_ROOT_CLASS = YES_ERROR;
				CLANG_WARN_UNREACHABLE_CODE = YES;
				CLANG_WARN__DUPLICATE_METHOD_MATCH = YES;
				"CODE_SIGN_IDENTITY[sdk=iphoneos*]" = "iPhone Developer";
				COPY_PHASE_STRIP = NO;
				DEBUG_INFORMATION_FORMAT = "dwarf-with-dsym";
				ENABLE_NS_ASSERTIONS = NO;
				ENABLE_STRICT_OBJC_MSGSEND = YES;
				GCC_C_LANGUAGE_STANDARD = gnu99;
				GCC_NO_COMMON_BLOCKS = YES;
				GCC_WARN_64_TO_32_BIT_CONVERSION = YES;
				GCC_WARN_ABOUT_RETURN_TYPE = YES_ERROR;
				GCC_WARN_UNDECLARED_SELECTOR = YES;
				GCC_WARN_UNINITIALIZED_AUTOS = YES_AGGRESSIVE;
				GCC_WARN_UNUSED_FUNCTION = YES;
				GCC_WARN_UNUSED_VARIABLE = YES;
				IPHONEOS_DEPLOYMENT_TARGET = 9.2;
				MTL_ENABLE_DEBUG_INFO = NO;
				SDKROOT = iphoneos;
				TARGETED_DEVICE_FAMILY = "1,2";
				VALIDATE_PRODUCT = YES;
			};
			name = Release;
		};
		BACB2B0A1E81F77E00454FC1 /* Debug */ = {
			isa = XCBuildConfiguration;
			buildSettings = {
				ASSETCATALOG_COMPILER_APPICON_NAME = AppIcon;
				INFOPLIST_FILE = flashcardstart/Info.plist;
				LD_RUNPATH_SEARCH_PATHS = "$(inherited) @executable_path/Frameworks";
				PRODUCT_BUNDLE_IDENTIFIER = com.slackey.flashcardstart;
				PRODUCT_NAME = "$(TARGET_NAME)";
			};
			name = Debug;
		};
		BACB2B0B1E81F77E00454FC1 /* Release */ = {
			isa = XCBuildConfiguration;
			buildSettings = {
				ASSETCATALOG_COMPILER_APPICON_NAME = AppIcon;
				INFOPLIST_FILE = flashcardstart/Info.plist;
				LD_RUNPATH_SEARCH_PATHS = "$(inherited) @executable_path/Frameworks";
				PRODUCT_BUNDLE_IDENTIFIER = com.slackey.flashcardstart;
				PRODUCT_NAME = "$(TARGET_NAME)";
			};
			name = Release;
		};
		BACB2B0D1E81F77E00454FC1 /* Debug */ = {
			isa = XCBuildConfiguration;
			buildSettings = {
				BUNDLE_LOADER = "$(TEST_HOST)";
				INFOPLIST_FILE = flashcardstartTests/Info.plist;
				LD_RUNPATH_SEARCH_PATHS = "$(inherited) @executable_path/Frameworks @loader_path/Frameworks";
				PRODUCT_BUNDLE_IDENTIFIER = com.slackey.flashcardstartTests;
				PRODUCT_NAME = "$(TARGET_NAME)";
				TEST_HOST = "$(BUILT_PRODUCTS_DIR)/flashcardstart.app/flashcardstart";
			};
			name = Debug;
		};
		BACB2B0E1E81F77E00454FC1 /* Release */ = {
			isa = XCBuildConfiguration;
			buildSettings = {
				BUNDLE_LOADER = "$(TEST_HOST)";
				INFOPLIST_FILE = flashcardstartTests/Info.plist;
				LD_RUNPATH_SEARCH_PATHS = "$(inherited) @executable_path/Frameworks @loader_path/Frameworks";
				PRODUCT_BUNDLE_IDENTIFIER = com.slackey.flashcardstartTests;
				PRODUCT_NAME = "$(TARGET_NAME)";
				TEST_HOST = "$(BUILT_PRODUCTS_DIR)/flashcardstart.app/flashcardstart";
			};
			name = Release;
		};
		BACB2B101E81F77E00454FC1 /* Debug */ = {
			isa = XCBuildConfiguration;
			buildSettings = {
				INFOPLIST_FILE = flashcardstartUITests/Info.plist;
				LD_RUNPATH_SEARCH_PATHS = "$(inherited) @executable_path/Frameworks @loader_path/Frameworks";
				PRODUCT_BUNDLE_IDENTIFIER = com.slackey.flashcardstartUITests;
				PRODUCT_NAME = "$(TARGET_NAME)";
				TEST_TARGET_NAME = flashcardstart;
				USES_XCTRUNNER = YES;
			};
			name = Debug;
		};
		BACB2B111E81F77E00454FC1 /* Release */ = {
			isa = XCBuildConfiguration;
			buildSettings = {
				INFOPLIST_FILE = flashcardstartUITests/Info.plist;
				LD_RUNPATH_SEARCH_PATHS = "$(inherited) @executable_path/Frameworks @loader_path/Frameworks";
				PRODUCT_BUNDLE_IDENTIFIER = com.slackey.flashcardstartUITests;
				PRODUCT_NAME = "$(TARGET_NAME)";
				TEST_TARGET_NAME = flashcardstart;
				USES_XCTRUNNER = YES;
			};
			name = Release;
		};
/* End XCBuildConfiguration section */

/* Begin XCConfigurationList section */
		BACB2ADC1E81F77D00454FC1 /* Build configuration list for PBXProject "flashcardstart" */ = {
			isa = XCConfigurationList;
			buildConfigurations = (
				BACB2B071E81F77E00454FC1 /* Debug */,
				BACB2B081E81F77E00454FC1 /* Release */,
			);
			defaultConfigurationIsVisible = 0;
			defaultConfigurationName = Release;
		};
		BACB2B091E81F77E00454FC1 /* Build configuration list for PBXNativeTarget "flashcardstart" */ = {
			isa = XCConfigurationList;
			buildConfigurations = (
				BACB2B0A1E81F77E00454FC1 /* Debug */,
				BACB2B0B1E81F77E00454FC1 /* Release */,
			);
			defaultConfigurationIsVisible = 0;
		};
		BACB2B0C1E81F77E00454FC1 /* Build configuration list for PBXNativeTarget "flashcardstartTests" */ = {
			isa = XCConfigurationList;
			buildConfigurations = (
				BACB2B0D1E81F77E00454FC1 /* Debug */,
				BACB2B0E1E81F77E00454FC1 /* Release */,
			);
			defaultConfigurationIsVisible = 0;
		};
		BACB2B0F1E81F77E00454FC1 /* Build configuration list for PBXNativeTarget "flashcardstartUITests" */ = {
			isa = XCConfigurationList;
			buildConfigurations = (
				BACB2B101E81F77E00454FC1 /* Debug */,
				BACB2B111E81F77E00454FC1 /* Release */,
			);
			defaultConfigurationIsVisible = 0;
		};
/* End XCConfigurationList section */
	};
	rootObject = BACB2AD91E81F77D00454FC1 /* Project object */;
}
